
Microsoft Visual Studio Solution File, Format Version 12.00
# Visual Studio Version 16
VisualStudioVersion = 16.0.30907.101
MinimumVisualStudioVersion = 10.0.40219.1
Project("{FAE04EC0-301F-11D3-BF4B-00C04F79EFBC}") = "Harjoitus2", "Harjoitus2\Harjoitus2.csproj", "{BAAADE09-94C6-4FAB-BD85-B21B65EC733C}"
EndProject
Global
	GlobalSection(SolutionConfigurationPlatforms) = preSolution
		Debug|Any CPU = Debug|Any CPU
		Release|Any CPU = Release|Any CPU
	EndGlobalSection
	GlobalSection(ProjectConfigurationPlatforms) = postSolution
		{BAAADE09-94C6-4FAB-BD85-B21B65EC733C}.Debug|Any CPU.ActiveCfg = Debug|Any CPU
		{BAAADE09-94C6-4FAB-BD85-B21B65EC733C}.Debug|Any CPU.Build.0 = Debug|Any CPU
		{BAAADE09-94C6-4FAB-BD85-B21B65EC733C}.Release|Any CPU.ActiveCfg = Release|Any CPU
		{BAAADE09-94C6-4FAB-BD85-B21B65EC733C}.Release|Any CPU.Build.0 = Release|Any CPU
	EndGlobalSection
	GlobalSection(SolutionProperties) = preSolution
		HideSolutionNode = FALSE
	EndGlobalSection
	GlobalSection(ExtensibilityGlobals) = postSolution
		SolutionGuid = {033ADFE5-5C87-4C3B-8078-B12B601B3A61}
	EndGlobalSection
EndGlobal
